cloud.google.com/go v0.7.1-0.20170412235641-ed63fb27efcf h1:8UhWQCuNUoLYe5Mz11FEsZWuWtWRhVsSn8vaoOhs01s=
cloud.google.com/go v0.7.1-0.20170412235641-ed63fb27efcf/go.mod h1:aQUYkXzVsufM+DwF1aE+0xfcU+56JwCaLick0ClmMTw=
github.com/golang/protobuf v0.0.0-20170331031902-2bba0603135d h1:KmiEmEGA5sqizMpKnexwioxj8zEUSBc7p9UTQu36lpQ=
github.com/golang/protobuf v0.0.0-20170331031902-2bba0603135d/go.mod h1:6lQm79b+lXiMfvg/cZm0SGofjICqVBUtrP5yJMmIC1U=
github.com/googleapis/gax-go v0.0.0-20170321005343-9af46dd5a171 h1:sK7F8pvKHNOtBnlQjHqNScQ+Ff5EAZxb8FnmxrD0TYw=
github.com/googleapis/gax-go v0.0.0-20170321005343-9af46dd5a171/go.mod h1:SFVmujtThgffbyetf+mdk2eWhX2bMyUtNHzFKcPA9HY=
golang.org/x/net v0.0.0-20170413175226-5602c733f70a h1:U+RBxJXt1cn83eNU5KfO0ABG27IrDKWhrbr9MBCri/s=
golang.org/x/net v0.0.0-20170413175226-5602c733f70a/go.mod h1:mL1N/T3taQHkDXs73rZJwtUhF3w3ftmwwsq0BUmARs4=
golang.org/x/oauth2 v0.0.0-20170412232759-a6bd8cefa181 h1:/4OaQ4bC66Oq9JDhUnxTjBGt8XBhDuwgMRXHgvfcCUY=
golang.org/x/oauth2 v0.0.0-20170412232759-a6bd8cefa181/go.mod h1:N/0e6XlmueqKjAGxoOufVs8QHGRruUQn6yWY3a++T0U=
golang.org/x/sync v0.0.0-20170418210838-de49d9dcd27d h1:whdsq/21HhdWYPc26uzgFIJrHxf6c+yB+LFnjZaawrE=
golang.org/x/sync v0.0.0-20170418210838-de49d9dcd27d/go.mod h1:RxMgew5VJxzue5/jJTE5uejpjVlOe/izrB70Jof72aM=
golang.org/x/text v0.0.0-20170420072132-19e3104b43db h1:ghrR5LQeRZ/IRo8PyiV+fIRZUqTehoXFeyrfzqMIHdc=
golang.org/x/text v0.0.0-20170420072132-19e3104b43db/go.mod h1:NqM8EUOU14njkJ3fqMW+pc6Ldnwhi/IjpwHt7yyuwOQ=
google.golang.org/api v0.0.0-20170418205212-0b0f5a514793 h1:XhrNCU3rkpjDnG5IVZY+ETZMk6OKZ92mVMix6ebRkGs=
google.golang.org/api v0.0.0-20170418205212-0b0f5a514793/go.mod h1:4mhQ8q/RsB7i+udVvVy5NUi08OU8ZlA0gRVgrF7VFY0=
google.golang.org/appengine v1.0.1-0.20170410194355-170382fa85b1 h1:0iTxSK9DxS5rBufUq/5O9iitCC0X/s1NHsp3ztBT4n0=
google.golang.org/appengine v1.0.1-0.20170410194355-170382fa85b1/go.mod h1:EbEs0AVv82hx2wNQdGPgUI5lhzA/G0D9YwlJXL52JkM=
google.golang.org/genproto v0.0.0-20170404132009-411e09b969b1 h1:HEurpBgyZQ15ngKW89Tw1gNMezbyH69oBSyrKIBvOLw=
google.golang.org/genproto v0.0.0-20170404132009-411e09b969b1/go.mod h1:JiN7NxoALGmiZfu7CAH4rXhgtRTLTxftemlI0sWmxmc=
google.golang.org/grpc v1.2.1-0.20170418175452-6914ab1e338c h1:tBz/31VzlJ/1opIZRqrpJkGmoFwkKGpD/1h82R7wdFA=
google.golang.org/grpc v1.2.1-0.20170418175452-6914ab1e338c/go.mod h1:yo6s7OP7yaDglbqo1J04qKzAhqBH6lvTonzMVmEdcZw=
